
Microsoft Visual Studio Solution File, Format Version 12.00
# Visual Studio Version 17
VisualStudioVersion = 17.6.33815.320
MinimumVisualStudioVersion = 10.0.40219.1
Project("{FAE04EC0-301F-11D3-BF4B-00C04F79EFBC}") = "CashBackApi", "CashBackApi\CashBackApi.csproj", "{5AF40A56-E6A0-4081-BAFA-5EDE0C94194C}"
EndProject
Project("{FAE04EC0-301F-11D3-BF4B-00C04F79EFBC}") = "CashBackApi.Services", "CashBackApi.Services\CashBackApi.Services.csproj", "{B9A8F97B-839F-4D5E-A4A9-7EFE8485D0B7}"
EndProject
Project("{FAE04EC0-301F-11D3-BF4B-00C04F79EFBC}") = "CashBackApi.Shared", "CashBackApi.Shared\CashBackApi.Shared.csproj", "{94B96A2B-E617-49D4-9BD0-5DB4425FAA0F}"
EndProject
Project("{FAE04EC0-301F-11D3-BF4B-00C04F79EFBC}") = "CashBackApi.Database", "CashBackApi.Database\CashBackApi.Database.csproj", "{1A22CA13-2E7C-41CC-BA11-BC4390C64C4F}"
EndProject
Project("{FAE04EC0-301F-11D3-BF4B-00C04F79EFBC}") = "CashBackApi.Models", "CashBackApi.Models\CashBackApi.Models.csproj", "{CE128AA5-0C25-45BB-A689-81D0E5091A5D}"
EndProject
Global
	GlobalSection(SolutionConfigurationPlatforms) = preSolution
		Debug|Any CPU = Debug|Any CPU
		Release|Any CPU = Release|Any CPU
	EndGlobalSection
	GlobalSection(ProjectConfigurationPlatforms) = postSolution
		{5AF40A56-E6A0-4081-BAFA-5EDE0C94194C}.Debug|Any CPU.ActiveCfg = Debug|Any CPU
		{5AF40A56-E6A0-4081-BAFA-5EDE0C94194C}.Debug|Any CPU.Build.0 = Debug|Any CPU
		{5AF40A56-E6A0-4081-BAFA-5EDE0C94194C}.Release|Any CPU.ActiveCfg = Release|Any CPU
		{5AF40A56-E6A0-4081-BAFA-5EDE0C94194C}.Release|Any CPU.Build.0 = Release|Any CPU
		{B9A8F97B-839F-4D5E-A4A9-7EFE8485D0B7}.Debug|Any CPU.ActiveCfg = Debug|Any CPU
		{B9A8F97B-839F-4D5E-A4A9-7EFE8485D0B7}.Debug|Any CPU.Build.0 = Debug|Any CPU
		{B9A8F97B-839F-4D5E-A4A9-7EFE8485D0B7}.Release|Any CPU.ActiveCfg = Release|Any CPU
		{B9A8F97B-839F-4D5E-A4A9-7EFE8485D0B7}.Release|Any CPU.Build.0 = Release|Any CPU
		{94B96A2B-E617-49D4-9BD0-5DB4425FAA0F}.Debug|Any CPU.ActiveCfg = Debug|Any CPU
		{94B96A2B-E617-49D4-9BD0-5DB4425FAA0F}.Debug|Any CPU.Build.0 = Debug|Any CPU
		{94B96A2B-E617-49D4-9BD0-5DB4425FAA0F}.Release|Any CPU.ActiveCfg = Release|Any CPU
		{94B96A2B-E617-49D4-9BD0-5DB4425FAA0F}.Release|Any CPU.Build.0 = Release|Any CPU
		{1A22CA13-2E7C-41CC-BA11-BC4390C64C4F}.Debug|Any CPU.ActiveCfg = Debug|Any CPU
		{1A22CA13-2E7C-41CC-BA11-BC4390C64C4F}.Debug|Any CPU.Build.0 = Debug|Any CPU
		{1A22CA13-2E7C-41CC-BA11-BC4390C64C4F}.Release|Any CPU.ActiveCfg = Release|Any CPU
		{1A22CA13-2E7C-41CC-BA11-BC4390C64C4F}.Release|Any CPU.Build.0 = Release|Any CPU
		{CE128AA5-0C25-45BB-A689-81D0E5091A5D}.Debug|Any CPU.ActiveCfg = Debug|Any CPU
		{CE128AA5-0C25-45BB-A689-81D0E5091A5D}.Debug|Any CPU.Build.0 = Debug|Any CPU
		{CE128AA5-0C25-45BB-A689-81D0E5091A5D}.Release|Any CPU.ActiveCfg = Release|Any CPU
		{CE128AA5-0C25-45BB-A689-81D0E5091A5D}.Release|Any CPU.Build.0 = Release|Any CPU
	EndGlobalSection
	GlobalSection(SolutionProperties) = preSolution
		HideSolutionNode = FALSE
	EndGlobalSection
	GlobalSection(ExtensibilityGlobals) = postSolution
		SolutionGuid = {F601DF5A-1509-4773-BCE5-BB2BBF7D5E77}
	EndGlobalSection
EndGlobal
